// !$*UTF8*$!
{
	archiveVersion = 1;
	classes = {
	};
	objectVersion = 46;
	objects = {
/* Begin PBXBuildFile section */
		1D3623260D0F684500981E51 /* AppDelegate.m in Sources */ = {isa = PBXBuildFile; fileRef = 1D3623250D0F684500981E51 /* AppDelegate.m */; };
		1D60589B0D05DD56006BFB54 /* main.m in Sources */ = {isa = PBXBuildFile; fileRef = 29B97316FDCFA39411CA2CEA /* main.m */; };
		288765FD0DF74451002DB57D /* CoreGraphics.framework in Frameworks */ = {isa = PBXBuildFile; fileRef = 288765FC0DF74451002DB57D /* CoreGraphics.framework */; };
		301BF552109A68D80062928A /* libCordova.a in Frameworks */ = {isa = PBXBuildFile; fileRef = 301BF535109A57CC0062928A /* libCordova.a */; };
		302D95F114D2391D003F00A1 /* MainViewController.m in Sources */ = {isa = PBXBuildFile; fileRef = 302D95EF14D2391D003F00A1 /* MainViewController.m */; };
		302D95F214D2391D003F00A1 /* MainViewController.xib in Resources */ = {isa = PBXBuildFile; fileRef = 302D95F014D2391D003F00A1 /* MainViewController.xib */; };
		305D5FD1115AB8F900A74A75 /* MobileCoreServices.framework in Frameworks */ = {isa = PBXBuildFile; fileRef = 305D5FD0115AB8F900A74A75 /* MobileCoreServices.framework */; };
		3088BBBD154F3926009F9C59 /* Default-Landscape@2x~ipad.png in Resources */ = {isa = PBXBuildFile; fileRef = 3088BBB7154F3926009F9C59 /* Default-Landscape@2x~ipad.png */; };
		3088BBBE154F3926009F9C59 /* Default-Landscape~ipad.png in Resources */ = {isa = PBXBuildFile; fileRef = 3088BBB8154F3926009F9C59 /* Default-Landscape~ipad.png */; };
		3088BBBF154F3926009F9C59 /* Default-Portrait@2x~ipad.png in Resources */ = {isa = PBXBuildFile; fileRef = 3088BBB9154F3926009F9C59 /* Default-Portrait@2x~ipad.png */; };
		3088BBC0154F3926009F9C59 /* Default-Portrait~ipad.png in Resources */ = {isa = PBXBuildFile; fileRef = 3088BBBA154F3926009F9C59 /* Default-Portrait~ipad.png */; };
		3088BBC1154F3926009F9C59 /* Default@2x~iphone.png in Resources */ = {isa = PBXBuildFile; fileRef = 3088BBBB154F3926009F9C59 /* Default@2x~iphone.png */; };
		3088BBC2154F3926009F9C59 /* Default~iphone.png in Resources */ = {isa = PBXBuildFile; fileRef = 3088BBBC154F3926009F9C59 /* Default~iphone.png */; };
		308D05371370CCF300D202BF /* icon-72.png in Resources */ = {isa = PBXBuildFile; fileRef = 308D052E1370CCF300D202BF /* icon-72.png */; };
		308D05381370CCF300D202BF /* icon.png in Resources */ = {isa = PBXBuildFile; fileRef = 308D052F1370CCF300D202BF /* icon.png */; };
		308D05391370CCF300D202BF /* icon@2x.png in Resources */ = {isa = PBXBuildFile; fileRef = 308D05301370CCF300D202BF /* icon@2x.png */; };
		30B4F30019D5E07200D9F7D8 /* Default-667h.png in Resources */ = {isa = PBXBuildFile; fileRef = 30B4F2FD19D5E07200D9F7D8 /* Default-667h.png */; };
		30B4F30119D5E07200D9F7D8 /* Default-736h.png in Resources */ = {isa = PBXBuildFile; fileRef = 30B4F2FE19D5E07200D9F7D8 /* Default-736h.png */; };
		30B4F30219D5E07200D9F7D8 /* Default-Landscape-736h.png in Resources */ = {isa = PBXBuildFile; fileRef = 30B4F2FF19D5E07200D9F7D8 /* Default-Landscape-736h.png */; };
		30C1856619D5FC0A00212699 /* icon-60@3x.png in Resources */ = {isa = PBXBuildFile; fileRef = 30C1856519D5FC0A00212699 /* icon-60@3x.png */; };
		30FC414916E50CA1004E6F35 /* icon-72@2x.png in Resources */ = {isa = PBXBuildFile; fileRef = 30FC414816E50CA1004E6F35 /* icon-72@2x.png */; };
		5B1594DD16A7569C00FEF299 /* AssetsLibrary.framework in Frameworks */ = {isa = PBXBuildFile; fileRef = 5B1594DC16A7569C00FEF299 /* AssetsLibrary.framework */; };
		7E7966DE1810823500FA85AD /* icon-40.png in Resources */ = {isa = PBXBuildFile; fileRef = 7E7966D41810823500FA85AD /* icon-40.png */; };
		7E7966DF1810823500FA85AD /* icon-40@2x.png in Resources */ = {isa = PBXBuildFile; fileRef = 7E7966D51810823500FA85AD /* icon-40@2x.png */; };
		7E7966E01810823500FA85AD /* icon-50.png in Resources */ = {isa = PBXBuildFile; fileRef = 7E7966D61810823500FA85AD /* icon-50.png */; };
		7E7966E11810823500FA85AD /* icon-50@2x.png in Resources */ = {isa = PBXBuildFile; fileRef = 7E7966D71810823500FA85AD /* icon-50@2x.png */; };
		7E7966E21810823500FA85AD /* icon-60.png in Resources */ = {isa = PBXBuildFile; fileRef = 7E7966D81810823500FA85AD /* icon-60.png */; };
		7E7966E31810823500FA85AD /* icon-60@2x.png in Resources */ = {isa = PBXBuildFile; fileRef = 7E7966D91810823500FA85AD /* icon-60@2x.png */; };
		7E7966E41810823500FA85AD /* icon-76.png in Resources */ = {isa = PBXBuildFile; fileRef = 7E7966DA1810823500FA85AD /* icon-76.png */; };
		7E7966E51810823500FA85AD /* icon-76@2x.png in Resources */ = {isa = PBXBuildFile; fileRef = 7E7966DB1810823500FA85AD /* icon-76@2x.png */; };
		7E7966E61810823500FA85AD /* icon-small.png in Resources */ = {isa = PBXBuildFile; fileRef = 7E7966DC1810823500FA85AD /* icon-small.png */; };
		7E7966E71810823500FA85AD /* icon-small@2x.png in Resources */ = {isa = PBXBuildFile; fileRef = 7E7966DD1810823500FA85AD /* icon-small@2x.png */; };
		D4A0D8761607E02300AEF8BB /* Default-568h@2x~iphone.png in Resources */ = {isa = PBXBuildFile; fileRef = D4A0D8751607E02300AEF8BB /* Default-568h@2x~iphone.png */; };
		A7CEF49ABED6492894417F75 /* GoogleMaps.bundle in Resources */ = {isa = PBXBuildFile; fileRef = 47E937C33DDF4C93A9934B9C /* GoogleMaps.bundle */; };
		37C5AF64CD6343CF8082CE6B /* GoogleMaps.framework in Frameworks */ = {isa = PBXBuildFile; fileRef = 0CC711A74F1E4F1EB5E0DB44 /* GoogleMaps.framework */; };
		7A980449FEEF43F9AC95F541 /* Accelerate.framework in Frameworks */ = {isa = PBXBuildFile; fileRef = 62B35502816E44308000FD94 /* Accelerate.framework */; };
		687C4E2018F043DA98095559 /* AVFoundation.framework in Frameworks */ = {isa = PBXBuildFile; fileRef = 5BAF3CF31B974D32A290C857 /* AVFoundation.framework */; };
		BA903615BA134A36BF19E223 /* CoreBluetooth.framework in Frameworks */ = {isa = PBXBuildFile; fileRef = 09159F985F2640DDA90DD7F4 /* CoreBluetooth.framework */; };
		B09B12DF9E5D4BF081D905C0 /* CoreData.framework in Frameworks */ = {isa = PBXBuildFile; fileRef = 54D945544F8348FE96E4D3D9 /* CoreData.framework */; };
		22A3AA7522C94B29A9942E2F /* CoreLocation.framework in Frameworks */ = {isa = PBXBuildFile; fileRef = 20402AE7139B43589012E2A7 /* CoreLocation.framework */; };
		5A75E9C320AE463A92D34FC9 /* CoreText.framework in Frameworks */ = {isa = PBXBuildFile; fileRef = EEC5C8B331BE4B15A3A87B94 /* CoreText.framework */; };
		D5DCE0418C914752AFA84F17 /* GLKit.framework in Frameworks */ = {isa = PBXBuildFile; fileRef = 731C1784554946098F34723C /* GLKit.framework */; };
		2C0E187787D04B4695EE3D53 /* ImageIO.framework in Frameworks */ = {isa = PBXBuildFile; fileRef = 87BACAA1C5EF477C94C44F9D /* ImageIO.framework */; };
		9035EA1780154545AA248692 /* libc++.dylib in Frameworks */ = {isa = PBXBuildFile; fileRef = 19AC209F069B4B6082099078 /* libc++.dylib */; };
		F73D852184EB400889B5FF26 /* libicucore.dylib in Frameworks */ = {isa = PBXBuildFile; fileRef = E54D0B5988AD4EA098011EBF /* libicucore.dylib */; };
		A18D72C5A80143FF96181766 /* libz.dylib in Frameworks */ = {isa = PBXBuildFile; fileRef = F7A2AAC9826A42B0859D9162 /* libz.dylib */; };
		5EFD4621177F4729A01296E1 /* OpenGLES.framework in Frameworks */ = {isa = PBXBuildFile; fileRef = 9BBB674ED95348818FB0F20A /* OpenGLES.framework */; };
		C73504DDC9824781BCBA1610 /* QuartzCore.framework in Frameworks */ = {isa = PBXBuildFile; fileRef = 19467B4643984E2D85207B7C /* QuartzCore.framework */; };
		CFD87DEB937B4FD19D002D07 /* SystemConfiguration.framework in Frameworks */ = {isa = PBXBuildFile; fileRef = 4CD0D96DC56D4730AEE536CB /* SystemConfiguration.framework */; };
		F588049456AE490083368695 /* Security.framework in Frameworks */ = {isa = PBXBuildFile; fileRef = 0DA554C21EC64C0EA686BC10 /* Security.framework */; };
		E47E466F316447D18C956C05 /* Circle.m in Sources */ = {isa = PBXBuildFile; fileRef = 759326A05131437ABD0CEC50 /* Circle.m */; };
		5E8A18CC551A48B185A961D2 /* External.m in Sources */ = {isa = PBXBuildFile; fileRef = ABF8BB6FD4224DCD9B14CA0F /* External.m */; };
		BE4F7A6E75C54B1287770B02 /* Geocoder.m in Sources */ = {isa = PBXBuildFile; fileRef = 3123FAA07A9841FBBF8C1285 /* Geocoder.m */; };
		CC49414CEB2B4E8E946E2F32 /* GoogleMaps.m in Sources */ = {isa = PBXBuildFile; fileRef = 5FFFDE0DA7AB4101BD1DE26E /* GoogleMaps.m */; };
		0B660A95087F4357A464D7DB /* GoogleMapsViewController.m in Sources */ = {isa = PBXBuildFile; fileRef = C66A6E853AA04AF7ADD90A24 /* GoogleMapsViewController.m */; };
		0FBAD9DFA9DB42E086D0E307 /* GroundOverlay.m in Sources */ = {isa = PBXBuildFile; fileRef = 1D8FD58BB83F498681BB2132 /* GroundOverlay.m */; };
		C0EB16FCE6E0456E9A6B49AD /* KmlOverlay.m in Sources */ = {isa = PBXBuildFile; fileRef = 5079D1391FBC4CDC903CEFA2 /* KmlOverlay.m */; };
		432EA10A42044373AB1720A1 /* Map.m in Sources */ = {isa = PBXBuildFile; fileRef = 8FE9E6B1F06D4D85B0AA4C2A /* Map.m */; };
		01EA36F8EF25444C932F8FD7 /* Marker.m in Sources */ = {isa = PBXBuildFile; fileRef = 343F62EADF474E388D0379F3 /* Marker.m */; };
		609FF326639A448B9BFDE6C5 /* PluginUtil.m in Sources */ = {isa = PBXBuildFile; fileRef = FBF63462BD264735824C9654 /* PluginUtil.m */; };
		401BAA7A18FD4EA3AEE73A9F /* Polygon.m in Sources */ = {isa = PBXBuildFile; fileRef = 358B0B51A7CF4F09B5F852DD /* Polygon.m */; };
		FE697675B91A4325AF118431 /* Polyline.m in Sources */ = {isa = PBXBuildFile; fileRef = ED2C3412822A4B6CAF74A873 /* Polyline.m */; };
		85BA61A6BBAF43AA996C7D76 /* TBXML.m in Sources */ = {isa = PBXBuildFile; fileRef = 7E516D1DB9BE425C83DFB674 /* TBXML.m */; };
		098B6D2CE58847D3945EAE6E /* TileOverlay.m in Sources */ = {isa = PBXBuildFile; fileRef = 5FB815381FEC44B285155A5D /* TileOverlay.m */; };
		AE12D145A4C041E1ADEBF224 /* NSData+Base64.m in Sources */ = {isa = PBXBuildFile; fileRef = D89C48949A9F49BFAFE8B577 /* NSData+Base64.m */; };
		2317375E1C64449D9E116DCA /* MyPluginLayer.m in Sources */ = {isa = PBXBuildFile; fileRef = 7E9B58404F0D4962B0218CB0 /* MyPluginLayer.m */; };
		34752B9B15244B08B2D5B09B /* MyReachability.m in Sources */ = {isa = PBXBuildFile; fileRef = 9DC6860317DB4DDC91E8E440 /* MyReachability.m */; };
		D187EBC72E4849F485A5B086 /* MyPluginLayerDebugView.m in Sources */ = {isa = PBXBuildFile; fileRef = AAAFD53FECDF401BB2124C22 /* MyPluginLayerDebugView.m */; };
		0AC7BDD6A3274C6997E5EFB3 /* MyPluginScrollView.m in Sources */ = {isa = PBXBuildFile; fileRef = AD62B7488BAC4BE4993F6D20 /* MyPluginScrollView.m */; };
/* End PBXBuildFile section */

/* Begin PBXContainerItemProxy section */
		301BF534109A57CC0062928A /* PBXContainerItemProxy */ = {
			isa = PBXContainerItemProxy;
			containerPortal = 301BF52D109A57CC0062928A /* CordovaLib.xcodeproj */;
			proxyType = 2;
			remoteGlobalIDString = D2AAC07E0554694100DB518D;
			remoteInfo = CordovaLib;
		};
		301BF550109A68C00062928A /* PBXContainerItemProxy */ = {
			isa = PBXContainerItemProxy;
			containerPortal = 301BF52D109A57CC0062928A /* CordovaLib.xcodeproj */;
			proxyType = 1;
			remoteGlobalIDString = D2AAC07D0554694100DB518D;
			remoteInfo = CordovaLib;
		};
/* End PBXContainerItemProxy section */

/* Begin PBXFileReference section */
		1D3623240D0F684500981E51 /* AppDelegate.h */ = {isa = PBXFileReference; fileEncoding = 4; lastKnownFileType = sourcecode.c.h; path = AppDelegate.h; sourceTree = "<group>"; };
		1D3623250D0F684500981E51 /* AppDelegate.m */ = {isa = PBXFileReference; fileEncoding = 4; lastKnownFileType = sourcecode.c.objc; path = AppDelegate.m; sourceTree = "<group>"; };
		1D6058910D05DD3D006BFB54 /* estaciona.app */ = {isa = PBXFileReference; explicitFileType = wrapper.application; includeInIndex = 0; path = "estaciona.app"; sourceTree = BUILT_PRODUCTS_DIR; };
		1F766FDD13BBADB100FB74C0 /* en */ = {isa = PBXFileReference; lastKnownFileType = text.plist.strings; name = en; path = Localizable.strings; sourceTree = "<group>"; };
		1F766FE013BBADB100FB74C0 /* es */ = {isa = PBXFileReference; lastKnownFileType = text.plist.strings; name = es; path = Localizable.strings; sourceTree = "<group>"; };
		288765FC0DF74451002DB57D /* CoreGraphics.framework */ = {isa = PBXFileReference; lastKnownFileType = wrapper.framework; name = CoreGraphics.framework; path = System/Library/Frameworks/CoreGraphics.framework; sourceTree = SDKROOT; };
		29B97316FDCFA39411CA2CEA /* main.m */ = {isa = PBXFileReference; fileEncoding = 4; lastKnownFileType = sourcecode.c.objc; path = main.m; sourceTree = "<group>"; };
		301BF52D109A57CC0062928A /* CordovaLib.xcodeproj */ = {isa = PBXFileReference; lastKnownFileType = "wrapper.pb-project"; name = CordovaLib.xcodeproj; path = CordovaLib/CordovaLib.xcodeproj; sourceTree = "<group>"; };
		301BF56E109A69640062928A /* www */ = {isa = PBXFileReference; lastKnownFileType = folder; path = www; sourceTree = SOURCE_ROOT; };
		302D95EE14D2391D003F00A1 /* MainViewController.h */ = {isa = PBXFileReference; fileEncoding = 4; lastKnownFileType = sourcecode.c.h; path = MainViewController.h; sourceTree = "<group>"; };
		302D95EF14D2391D003F00A1 /* MainViewController.m */ = {isa = PBXFileReference; fileEncoding = 4; lastKnownFileType = sourcecode.c.objc; path = MainViewController.m; sourceTree = "<group>"; };
		302D95F014D2391D003F00A1 /* MainViewController.xib */ = {isa = PBXFileReference; fileEncoding = 4; lastKnownFileType = file.xib; path = MainViewController.xib; sourceTree = "<group>"; };
		305D5FD0115AB8F900A74A75 /* MobileCoreServices.framework */ = {isa = PBXFileReference; lastKnownFileType = wrapper.framework; name = MobileCoreServices.framework; path = System/Library/Frameworks/MobileCoreServices.framework; sourceTree = SDKROOT; };
		3088BBB7154F3926009F9C59 /* Default-Landscape@2x~ipad.png */ = {isa = PBXFileReference; lastKnownFileType = image.png; path = "Default-Landscape@2x~ipad.png"; sourceTree = "<group>"; };
		3088BBB8154F3926009F9C59 /* Default-Landscape~ipad.png */ = {isa = PBXFileReference; lastKnownFileType = image.png; path = "Default-Landscape~ipad.png"; sourceTree = "<group>"; };
		3088BBB9154F3926009F9C59 /* Default-Portrait@2x~ipad.png */ = {isa = PBXFileReference; lastKnownFileType = image.png; path = "Default-Portrait@2x~ipad.png"; sourceTree = "<group>"; };
		3088BBBA154F3926009F9C59 /* Default-Portrait~ipad.png */ = {isa = PBXFileReference; lastKnownFileType = image.png; path = "Default-Portrait~ipad.png"; sourceTree = "<group>"; };
		3088BBBB154F3926009F9C59 /* Default@2x~iphone.png */ = {isa = PBXFileReference; lastKnownFileType = image.png; path = "Default@2x~iphone.png"; sourceTree = "<group>"; };
		3088BBBC154F3926009F9C59 /* Default~iphone.png */ = {isa = PBXFileReference; lastKnownFileType = image.png; path = "Default~iphone.png"; sourceTree = "<group>"; };
		308D052E1370CCF300D202BF /* icon-72.png */ = {isa = PBXFileReference; lastKnownFileType = image.png; path = "icon-72.png"; sourceTree = "<group>"; };
		308D052F1370CCF300D202BF /* icon.png */ = {isa = PBXFileReference; lastKnownFileType = image.png; path = icon.png; sourceTree = "<group>"; };
		308D05301370CCF300D202BF /* icon@2x.png */ = {isa = PBXFileReference; lastKnownFileType = image.png; path = "icon@2x.png"; sourceTree = "<group>"; };
		30B4F2FD19D5E07200D9F7D8 /* Default-667h.png */ = {isa = PBXFileReference; lastKnownFileType = image.png; path = "Default-667h.png"; sourceTree = "<group>"; };
		30B4F2FE19D5E07200D9F7D8 /* Default-736h.png */ = {isa = PBXFileReference; lastKnownFileType = image.png; path = "Default-736h.png"; sourceTree = "<group>"; };
		30B4F2FF19D5E07200D9F7D8 /* Default-Landscape-736h.png */ = {isa = PBXFileReference; lastKnownFileType = image.png; path = "Default-Landscape-736h.png"; sourceTree = "<group>"; };
		30C1856519D5FC0A00212699 /* icon-60@3x.png */ = {isa = PBXFileReference; lastKnownFileType = image.png; path = "icon-60@3x.png"; sourceTree = "<group>"; };
		30FC414816E50CA1004E6F35 /* icon-72@2x.png */ = {isa = PBXFileReference; lastKnownFileType = image.png; path = "icon-72@2x.png"; sourceTree = "<group>"; };
		32CA4F630368D1EE00C91783 /* estaciona-Prefix.pch */ = {isa = PBXFileReference; fileEncoding = 4; lastKnownFileType = sourcecode.c.h; path = "estaciona-Prefix.pch"; sourceTree = "<group>"; };
		5B1594DC16A7569C00FEF299 /* AssetsLibrary.framework */ = {isa = PBXFileReference; lastKnownFileType = wrapper.framework; name = AssetsLibrary.framework; path = System/Library/Frameworks/AssetsLibrary.framework; sourceTree = SDKROOT; };
		7E7966D41810823500FA85AD /* icon-40.png */ = {isa = PBXFileReference; lastKnownFileType = image.png; path = "icon-40.png"; sourceTree = "<group>"; };
		7E7966D51810823500FA85AD /* icon-40@2x.png */ = {isa = PBXFileReference; lastKnownFileType = image.png; path = "icon-40@2x.png"; sourceTree = "<group>"; };
		7E7966D61810823500FA85AD /* icon-50.png */ = {isa = PBXFileReference; lastKnownFileType = image.png; path = "icon-50.png"; sourceTree = "<group>"; };
		7E7966D71810823500FA85AD /* icon-50@2x.png */ = {isa = PBXFileReference; lastKnownFileType = image.png; path = "icon-50@2x.png"; sourceTree = "<group>"; };
		7E7966D81810823500FA85AD /* icon-60.png */ = {isa = PBXFileReference; lastKnownFileType = image.png; path = "icon-60.png"; sourceTree = "<group>"; };
		7E7966D91810823500FA85AD /* icon-60@2x.png */ = {isa = PBXFileReference; lastKnownFileType = image.png; path = "icon-60@2x.png"; sourceTree = "<group>"; };
		7E7966DA1810823500FA85AD /* icon-76.png */ = {isa = PBXFileReference; lastKnownFileType = image.png; path = "icon-76.png"; sourceTree = "<group>"; };
		7E7966DB1810823500FA85AD /* icon-76@2x.png */ = {isa = PBXFileReference; lastKnownFileType = image.png; path = "icon-76@2x.png"; sourceTree = "<group>"; };
		7E7966DC1810823500FA85AD /* icon-small.png */ = {isa = PBXFileReference; lastKnownFileType = image.png; path = "icon-small.png"; sourceTree = "<group>"; };
		7E7966DD1810823500FA85AD /* icon-small@2x.png */ = {isa = PBXFileReference; lastKnownFileType = image.png; path = "icon-small@2x.png"; sourceTree = "<group>"; };
		8D1107310486CEB800E47090 /* estaciona-Info.plist */ = {isa = PBXFileReference; fileEncoding = 4; lastKnownFileType = text.plist.xml; name = "estaciona-Info.plist"; path = "../estaciona-Info.plist"; plistStructureDefinitionIdentifier = "com.apple.xcode.plist.structure-definition.iphone.info-plist"; sourceTree = "<group>"; };
		D4A0D8751607E02300AEF8BB /* Default-568h@2x~iphone.png */ = {isa = PBXFileReference; lastKnownFileType = image.png; path = "Default-568h@2x~iphone.png"; sourceTree = "<group>"; };
		EB87FDF21871DA7A0020F90C /* merges */ = {isa = PBXFileReference; lastKnownFileType = folder; name = merges; path = ../../merges; sourceTree = "<group>"; };
		EB87FDF31871DA8E0020F90C /* www */ = {isa = PBXFileReference; lastKnownFileType = folder; name = www; path = ../../www; sourceTree = "<group>"; };
		EB87FDF41871DAF40020F90C /* config.xml */ = {isa = PBXFileReference; lastKnownFileType = text.xml; name = config.xml; path = ../../config.xml; sourceTree = "<group>"; };
		F840E1F0165FE0F500CFE078 /* config.xml */ = {isa = PBXFileReference; lastKnownFileType = text.xml; name = config.xml; path = "estaciona/config.xml"; sourceTree = "<group>"; };
		47E937C33DDF4C93A9934B9C /* GoogleMaps.bundle */ = {isa = PBXFileReference; lastKnownFileType = "wrapper.plug-in"; name = "GoogleMaps.bundle"; path = "GoogleMaps.bundle"; sourceTree = "<group>"; };
		0CC711A74F1E4F1EB5E0DB44 /* GoogleMaps.framework */ = {isa = PBXFileReference; lastKnownFileType = wrapper.framework; name = "GoogleMaps.framework"; path = "estaciona/Plugins/com.googlemaps.ios/GoogleMaps.framework"; sourceTree = "<group>"; };
		62B35502816E44308000FD94 /* Accelerate.framework */ = {isa = PBXFileReference; lastKnownFileType = wrapper.framework; name = "Accelerate.framework"; path = "System/Library/Frameworks/Accelerate.framework"; sourceTree = SDKROOT; fileEncoding = 4; };
		5BAF3CF31B974D32A290C857 /* AVFoundation.framework */ = {isa = PBXFileReference; lastKnownFileType = wrapper.framework; name = "AVFoundation.framework"; path = "System/Library/Frameworks/AVFoundation.framework"; sourceTree = SDKROOT; fileEncoding = 4; };
		09159F985F2640DDA90DD7F4 /* CoreBluetooth.framework */ = {isa = PBXFileReference; lastKnownFileType = wrapper.framework; name = "CoreBluetooth.framework"; path = "System/Library/Frameworks/CoreBluetooth.framework"; sourceTree = SDKROOT; fileEncoding = 4; };
		54D945544F8348FE96E4D3D9 /* CoreData.framework */ = {isa = PBXFileReference; lastKnownFileType = wrapper.framework; name = "CoreData.framework"; path = "System/Library/Frameworks/CoreData.framework"; sourceTree = SDKROOT; fileEncoding = 4; };
		20402AE7139B43589012E2A7 /* CoreLocation.framework */ = {isa = PBXFileReference; lastKnownFileType = wrapper.framework; name = "CoreLocation.framework"; path = "System/Library/Frameworks/CoreLocation.framework"; sourceTree = SDKROOT; fileEncoding = 4; };
		EEC5C8B331BE4B15A3A87B94 /* CoreText.framework */ = {isa = PBXFileReference; lastKnownFileType = wrapper.framework; name = "CoreText.framework"; path = "System/Library/Frameworks/CoreText.framework"; sourceTree = SDKROOT; fileEncoding = 4; };
		731C1784554946098F34723C /* GLKit.framework */ = {isa = PBXFileReference; lastKnownFileType = wrapper.framework; name = "GLKit.framework"; path = "System/Library/Frameworks/GLKit.framework"; sourceTree = SDKROOT; fileEncoding = 4; };
		87BACAA1C5EF477C94C44F9D /* ImageIO.framework */ = {isa = PBXFileReference; lastKnownFileType = wrapper.framework; name = "ImageIO.framework"; path = "System/Library/Frameworks/ImageIO.framework"; sourceTree = SDKROOT; fileEncoding = 4; };
		19AC209F069B4B6082099078 /* libc++.dylib */ = {isa = PBXFileReference; lastKnownFileType = "compiled.mach-o.dylib"; name = "libc++.dylib"; path = "usr/lib/libc++.dylib"; sourceTree = SDKROOT; fileEncoding = 4; };
		E54D0B5988AD4EA098011EBF /* libicucore.dylib */ = {isa = PBXFileReference; lastKnownFileType = "compiled.mach-o.dylib"; name = "libicucore.dylib"; path = "usr/lib/libicucore.dylib"; sourceTree = SDKROOT; fileEncoding = 4; };
		F7A2AAC9826A42B0859D9162 /* libz.dylib */ = {isa = PBXFileReference; lastKnownFileType = "compiled.mach-o.dylib"; name = "libz.dylib"; path = "usr/lib/libz.dylib"; sourceTree = SDKROOT; fileEncoding = 4; };
		9BBB674ED95348818FB0F20A /* OpenGLES.framework */ = {isa = PBXFileReference; lastKnownFileType = wrapper.framework; name = "OpenGLES.framework"; path = "System/Library/Frameworks/OpenGLES.framework"; sourceTree = SDKROOT; fileEncoding = 4; };
		19467B4643984E2D85207B7C /* QuartzCore.framework */ = {isa = PBXFileReference; lastKnownFileType = wrapper.framework; name = "QuartzCore.framework"; path = "System/Library/Frameworks/QuartzCore.framework"; sourceTree = SDKROOT; fileEncoding = 4; };
		4CD0D96DC56D4730AEE536CB /* SystemConfiguration.framework */ = {isa = PBXFileReference; lastKnownFileType = wrapper.framework; name = "SystemConfiguration.framework"; path = "System/Library/Frameworks/SystemConfiguration.framework"; sourceTree = SDKROOT; fileEncoding = 4; };
		0DA554C21EC64C0EA686BC10 /* Security.framework */ = {isa = PBXFileReference; lastKnownFileType = wrapper.framework; name = "Security.framework"; path = "System/Library/Frameworks/Security.framework"; sourceTree = SDKROOT; fileEncoding = 4; };
		759326A05131437ABD0CEC50 /* Circle.m */ = {isa = PBXFileReference; lastKnownFileType = sourcecode.c.objc; name = "Circle.m"; path = "plugin.google.maps/Circle.m"; sourceTree = "<group>"; fileEncoding = 4; };
		ABF8BB6FD4224DCD9B14CA0F /* External.m */ = {isa = PBXFileReference; lastKnownFileType = sourcecode.c.objc; name = "External.m"; path = "plugin.google.maps/External.m"; sourceTree = "<group>"; fileEncoding = 4; };
		3123FAA07A9841FBBF8C1285 /* Geocoder.m */ = {isa = PBXFileReference; lastKnownFileType = sourcecode.c.objc; name = "Geocoder.m"; path = "plugin.google.maps/Geocoder.m"; sourceTree = "<group>"; fileEncoding = 4; };
		5FFFDE0DA7AB4101BD1DE26E /* GoogleMaps.m */ = {isa = PBXFileReference; lastKnownFileType = sourcecode.c.objc; name = "GoogleMaps.m"; path = "plugin.google.maps/GoogleMaps.m"; sourceTree = "<group>"; fileEncoding = 4; };
		C66A6E853AA04AF7ADD90A24 /* GoogleMapsViewController.m */ = {isa = PBXFileReference; lastKnownFileType = sourcecode.c.objc; name = "GoogleMapsViewController.m"; path = "plugin.google.maps/GoogleMapsViewController.m"; sourceTree = "<group>"; fileEncoding = 4; };
		1D8FD58BB83F498681BB2132 /* GroundOverlay.m */ = {isa = PBXFileReference; lastKnownFileType = sourcecode.c.objc; name = "GroundOverlay.m"; path = "plugin.google.maps/GroundOverlay.m"; sourceTree = "<group>"; fileEncoding = 4; };
		5079D1391FBC4CDC903CEFA2 /* KmlOverlay.m */ = {isa = PBXFileReference; lastKnownFileType = sourcecode.c.objc; name = "KmlOverlay.m"; path = "plugin.google.maps/KmlOverlay.m"; sourceTree = "<group>"; fileEncoding = 4; };
		8FE9E6B1F06D4D85B0AA4C2A /* Map.m */ = {isa = PBXFileReference; lastKnownFileType = sourcecode.c.objc; name = "Map.m"; path = "plugin.google.maps/Map.m"; sourceTree = "<group>"; fileEncoding = 4; };
		343F62EADF474E388D0379F3 /* Marker.m */ = {isa = PBXFileReference; lastKnownFileType = sourcecode.c.objc; name = "Marker.m"; path = "plugin.google.maps/Marker.m"; sourceTree = "<group>"; fileEncoding = 4; };
		FBF63462BD264735824C9654 /* PluginUtil.m */ = {isa = PBXFileReference; lastKnownFileType = sourcecode.c.objc; name = "PluginUtil.m"; path = "plugin.google.maps/PluginUtil.m"; sourceTree = "<group>"; fileEncoding = 4; };
		358B0B51A7CF4F09B5F852DD /* Polygon.m */ = {isa = PBXFileReference; lastKnownFileType = sourcecode.c.objc; name = "Polygon.m"; path = "plugin.google.maps/Polygon.m"; sourceTree = "<group>"; fileEncoding = 4; };
		ED2C3412822A4B6CAF74A873 /* Polyline.m */ = {isa = PBXFileReference; lastKnownFileType = sourcecode.c.objc; name = "Polyline.m"; path = "plugin.google.maps/Polyline.m"; sourceTree = "<group>"; fileEncoding = 4; };
		7E516D1DB9BE425C83DFB674 /* TBXML.m */ = {isa = PBXFileReference; lastKnownFileType = sourcecode.c.objc; name = "TBXML.m"; path = "plugin.google.maps/TBXML.m"; sourceTree = "<group>"; fileEncoding = 4; };
		5FB815381FEC44B285155A5D /* TileOverlay.m */ = {isa = PBXFileReference; lastKnownFileType = sourcecode.c.objc; name = "TileOverlay.m"; path = "plugin.google.maps/TileOverlay.m"; sourceTree = "<group>"; fileEncoding = 4; };
		D89C48949A9F49BFAFE8B577 /* NSData+Base64.m */ = {isa = PBXFileReference; lastKnownFileType = sourcecode.c.objc; name = "NSData+Base64.m"; path = "plugin.google.maps/NSData+Base64.m"; sourceTree = "<group>"; fileEncoding = 4; };
		7E9B58404F0D4962B0218CB0 /* MyPluginLayer.m */ = {isa = PBXFileReference; lastKnownFileType = sourcecode.c.objc; name = "MyPluginLayer.m"; path = "plugin.google.maps/MyPluginLayer.m"; sourceTree = "<group>"; fileEncoding = 4; };
		9DC6860317DB4DDC91E8E440 /* MyReachability.m */ = {isa = PBXFileReference; lastKnownFileType = sourcecode.c.objc; name = "MyReachability.m"; path = "plugin.google.maps/MyReachability.m"; sourceTree = "<group>"; fileEncoding = 4; };
		AAAFD53FECDF401BB2124C22 /* MyPluginLayerDebugView.m */ = {isa = PBXFileReference; lastKnownFileType = sourcecode.c.objc; name = "MyPluginLayerDebugView.m"; path = "plugin.google.maps/MyPluginLayerDebugView.m"; sourceTree = "<group>"; fileEncoding = 4; };
		AD62B7488BAC4BE4993F6D20 /* MyPluginScrollView.m */ = {isa = PBXFileReference; lastKnownFileType = sourcecode.c.objc; name = "MyPluginScrollView.m"; path = "plugin.google.maps/MyPluginScrollView.m"; sourceTree = "<group>"; fileEncoding = 4; };
		83EF5B7341524F3BA681DDCC /* Circle.h */ = {isa = PBXFileReference; lastKnownFileType = sourcecode.c.h; name = "Circle.h"; path = "plugin.google.maps/Circle.h"; sourceTree = "<group>"; fileEncoding = 4; };
		D1E5B6A5B6CF4CBA814CCD12 /* External.h */ = {isa = PBXFileReference; lastKnownFileType = sourcecode.c.h; name = "External.h"; path = "plugin.google.maps/External.h"; sourceTree = "<group>"; fileEncoding = 4; };
		67EAA67B4F9E4240B1AC6EC8 /* Geocoder.h */ = {isa = PBXFileReference; lastKnownFileType = sourcecode.c.h; name = "Geocoder.h"; path = "plugin.google.maps/Geocoder.h"; sourceTree = "<group>"; fileEncoding = 4; };
		A2D8612480334F5BB53A6AB8 /* GoogleMaps.h */ = {isa = PBXFileReference; lastKnownFileType = sourcecode.c.h; name = "GoogleMaps.h"; path = "plugin.google.maps/GoogleMaps.h"; sourceTree = "<group>"; fileEncoding = 4; };
		C5DC5387FBC549ED9F6F27C1 /* GoogleMapsViewController.h */ = {isa = PBXFileReference; lastKnownFileType = sourcecode.c.h; name = "GoogleMapsViewController.h"; path = "plugin.google.maps/GoogleMapsViewController.h"; sourceTree = "<group>"; fileEncoding = 4; };
		FDAA594627CB4E2F94643D24 /* GroundOverlay.h */ = {isa = PBXFileReference; lastKnownFileType = sourcecode.c.h; name = "GroundOverlay.h"; path = "plugin.google.maps/GroundOverlay.h"; sourceTree = "<group>"; fileEncoding = 4; };
		1B00B575EFE54029B6959D73 /* KmlOverlay.h */ = {isa = PBXFileReference; lastKnownFileType = sourcecode.c.h; name = "KmlOverlay.h"; path = "plugin.google.maps/KmlOverlay.h"; sourceTree = "<group>"; fileEncoding = 4; };
		B004D7CCE7C0428CA38D5B7B /* Map.h */ = {isa = PBXFileReference; lastKnownFileType = sourcecode.c.h; name = "Map.h"; path = "plugin.google.maps/Map.h"; sourceTree = "<group>"; fileEncoding = 4; };
		F814A877DEC64DBF86E6068E /* Marker.h */ = {isa = PBXFileReference; lastKnownFileType = sourcecode.c.h; name = "Marker.h"; path = "plugin.google.maps/Marker.h"; sourceTree = "<group>"; fileEncoding = 4; };
		3C9A9E16A9984240B9937C96 /* MyPlgunProtocol.h */ = {isa = PBXFileReference; lastKnownFileType = sourcecode.c.h; name = "MyPlgunProtocol.h"; path = "plugin.google.maps/MyPlgunProtocol.h"; sourceTree = "<group>"; fileEncoding = 4; };
		81664B494EDF45C8B079C539 /* PluginUtil.h */ = {isa = PBXFileReference; lastKnownFileType = sourcecode.c.h; name = "PluginUtil.h"; path = "plugin.google.maps/PluginUtil.h"; sourceTree = "<group>"; fileEncoding = 4; };
		13B46D4AEA6A4573A86ED6BC /* Polygon.h */ = {isa = PBXFileReference; lastKnownFileType = sourcecode.c.h; name = "Polygon.h"; path = "plugin.google.maps/Polygon.h"; sourceTree = "<group>"; fileEncoding = 4; };
		1160BFE504A64D66AC447E92 /* Polyline.h */ = {isa = PBXFileReference; lastKnownFileType = sourcecode.c.h; name = "Polyline.h"; path = "plugin.google.maps/Polyline.h"; sourceTree = "<group>"; fileEncoding = 4; };
		8A8B77C3909D46C8BF5DF656 /* TBXML.h */ = {isa = PBXFileReference; lastKnownFileType = sourcecode.c.h; name = "TBXML.h"; path = "plugin.google.maps/TBXML.h"; sourceTree = "<group>"; fileEncoding = 4; };
		83D1CBC8DF9B47769A6A163E /* TileOverlay.h */ = {isa = PBXFileReference; lastKnownFileType = sourcecode.c.h; name = "TileOverlay.h"; path = "plugin.google.maps/TileOverlay.h"; sourceTree = "<group>"; fileEncoding = 4; };
		CD38775F45D84B84BAD64A72 /* NSData+Base64.h */ = {isa = PBXFileReference; lastKnownFileType = sourcecode.c.h; name = "NSData+Base64.h"; path = "plugin.google.maps/NSData+Base64.h"; sourceTree = "<group>"; fileEncoding = 4; };
		8D39D64FC7394956B9FA7C26 /* NSData+Base64.podspec */ = {isa = PBXFileReference; lastKnownFileType = unknown; name = "NSData+Base64.podspec"; path = "plugin.google.maps/NSData+Base64.podspec"; sourceTree = "<group>"; fileEncoding = 4; };
		34158876E2904754B561EF13 /* MyPluginLayer.h */ = {isa = PBXFileReference; lastKnownFileType = sourcecode.c.h; name = "MyPluginLayer.h"; path = "plugin.google.maps/MyPluginLayer.h"; sourceTree = "<group>"; fileEncoding = 4; };
		DF8CF278BABE40C985FB55DD /* MyReachability.h */ = {isa = PBXFileReference; lastKnownFileType = sourcecode.c.h; name = "MyReachability.h"; path = "plugin.google.maps/MyReachability.h"; sourceTree = "<group>"; fileEncoding = 4; };
		27E599E1CC244F7994976A1B /* MyPluginLayerDebugView.h */ = {isa = PBXFileReference; lastKnownFileType = sourcecode.c.h; name = "MyPluginLayerDebugView.h"; path = "plugin.google.maps/MyPluginLayerDebugView.h"; sourceTree = "<group>"; fileEncoding = 4; };
		753E366A58F34CAA8EA03E95 /* MyPluginScrollView.h */ = {isa = PBXFileReference; lastKnownFileType = sourcecode.c.h; name = "MyPluginScrollView.h"; path = "plugin.google.maps/MyPluginScrollView.h"; sourceTree = "<group>"; fileEncoding = 4; };
/* End PBXFileReference section */

/* Begin PBXFrameworksBuildPhase section */
		1D60588F0D05DD3D006BFB54 /* Frameworks */ = {
			isa = PBXFrameworksBuildPhase;
			buildActionMask = 2147483647;
			files = (
				5B1594DD16A7569C00FEF299 /* AssetsLibrary.framework in Frameworks */,
				301BF552109A68D80062928A /* libCordova.a in Frameworks */,
				288765FD0DF74451002DB57D /* CoreGraphics.framework in Frameworks */,
				305D5FD1115AB8F900A74A75 /* MobileCoreServices.framework in Frameworks */,
				37C5AF64CD6343CF8082CE6B /* GoogleMaps.framework in Frameworks */,
				7A980449FEEF43F9AC95F541 /* Accelerate.framework in Frameworks */,
				687C4E2018F043DA98095559 /* AVFoundation.framework in Frameworks */,
				BA903615BA134A36BF19E223 /* CoreBluetooth.framework in Frameworks */,
				B09B12DF9E5D4BF081D905C0 /* CoreData.framework in Frameworks */,
				22A3AA7522C94B29A9942E2F /* CoreLocation.framework in Frameworks */,
				5A75E9C320AE463A92D34FC9 /* CoreText.framework in Frameworks */,
				D5DCE0418C914752AFA84F17 /* GLKit.framework in Frameworks */,
				2C0E187787D04B4695EE3D53 /* ImageIO.framework in Frameworks */,
				9035EA1780154545AA248692 /* libc++.dylib in Frameworks */,
				F73D852184EB400889B5FF26 /* libicucore.dylib in Frameworks */,
				A18D72C5A80143FF96181766 /* libz.dylib in Frameworks */,
				5EFD4621177F4729A01296E1 /* OpenGLES.framework in Frameworks */,
				C73504DDC9824781BCBA1610 /* QuartzCore.framework in Frameworks */,
				CFD87DEB937B4FD19D002D07 /* SystemConfiguration.framework in Frameworks */,
				F588049456AE490083368695 /* Security.framework in Frameworks */,
			);
			runOnlyForDeploymentPostprocessing = 0;
		};
/* End PBXFrameworksBuildPhase section */

/* Begin PBXGroup section */
		080E96DDFE201D6D7F000001 /* Classes */ = {
			isa = PBXGroup;
			children = (
				302D95EE14D2391D003F00A1 /* MainViewController.h */,
				302D95EF14D2391D003F00A1 /* MainViewController.m */,
				302D95F014D2391D003F00A1 /* MainViewController.xib */,
				1D3623240D0F684500981E51 /* AppDelegate.h */,
				1D3623250D0F684500981E51 /* AppDelegate.m */,
			);
			name = Classes;
			path = "estaciona/Classes";
			sourceTree = SOURCE_ROOT;
		};
		19C28FACFE9D520D11CA2CBB /* Products */ = {
			isa = PBXGroup;
			children = (
				1D6058910D05DD3D006BFB54 /* estaciona.app */,
			);
			name = Products;
			sourceTree = "<group>";
		};
		29B97314FDCFA39411CA2CEA /* CustomTemplate */ = {
			isa = PBXGroup;
			children = (
				EB87FDF41871DAF40020F90C /* config.xml */,
				EB87FDF31871DA8E0020F90C /* www */,
				EB87FDF21871DA7A0020F90C /* merges */,
				EB87FDF11871DA420020F90C /* Staging */,
				301BF52D109A57CC0062928A /* CordovaLib.xcodeproj */,
				080E96DDFE201D6D7F000001 /* Classes */,
				307C750510C5A3420062BCA9 /* Plugins */,
				29B97315FDCFA39411CA2CEA /* Other Sources */,
				29B97317FDCFA39411CA2CEA /* Resources */,
				29B97323FDCFA39411CA2CEA /* Frameworks */,
				19C28FACFE9D520D11CA2CBB /* Products */,
			);
			name = CustomTemplate;
			sourceTree = "<group>";
		};
		29B97315FDCFA39411CA2CEA /* Other Sources */ = {
			isa = PBXGroup;
			children = (
				32CA4F630368D1EE00C91783 /* estaciona-Prefix.pch */,
				29B97316FDCFA39411CA2CEA /* main.m */,
			);
			name = "Other Sources";
			path = "estaciona";
			sourceTree = "<group>";
		};
		29B97317FDCFA39411CA2CEA /* Resources */ = {
			isa = PBXGroup;
			children = (
				308D052D1370CCF300D202BF /* icons */,
				308D05311370CCF300D202BF /* splash */,
				8D1107310486CEB800E47090 /* estaciona-Info.plist */,
				47E937C33DDF4C93A9934B9C /* GoogleMaps.bundle */,
			);
			name = Resources;
			path = "estaciona/Resources";
			sourceTree = "<group>";
		};
		29B97323FDCFA39411CA2CEA /* Frameworks */ = {
			isa = PBXGroup;
			children = (
				5B1594DC16A7569C00FEF299 /* AssetsLibrary.framework */,
				288765FC0DF74451002DB57D /* CoreGraphics.framework */,
				305D5FD0115AB8F900A74A75 /* MobileCoreServices.framework */,
				0CC711A74F1E4F1EB5E0DB44 /* GoogleMaps.framework */,
				62B35502816E44308000FD94 /* Accelerate.framework */,
				5BAF3CF31B974D32A290C857 /* AVFoundation.framework */,
				09159F985F2640DDA90DD7F4 /* CoreBluetooth.framework */,
				54D945544F8348FE96E4D3D9 /* CoreData.framework */,
				20402AE7139B43589012E2A7 /* CoreLocation.framework */,
				EEC5C8B331BE4B15A3A87B94 /* CoreText.framework */,
				731C1784554946098F34723C /* GLKit.framework */,
				87BACAA1C5EF477C94C44F9D /* ImageIO.framework */,
				19AC209F069B4B6082099078 /* libc++.dylib */,
				E54D0B5988AD4EA098011EBF /* libicucore.dylib */,
				F7A2AAC9826A42B0859D9162 /* libz.dylib */,
				9BBB674ED95348818FB0F20A /* OpenGLES.framework */,
				19467B4643984E2D85207B7C /* QuartzCore.framework */,
				4CD0D96DC56D4730AEE536CB /* SystemConfiguration.framework */,
				0DA554C21EC64C0EA686BC10 /* Security.framework */,
			);
			name = Frameworks;
			sourceTree = "<group>";
		};
		301BF52E109A57CC0062928A /* Products */ = {
			isa = PBXGroup;
			children = (
				301BF535109A57CC0062928A /* libCordova.a */,
			);
			name = Products;
			sourceTree = "<group>";
		};
		307C750510C5A3420062BCA9 /* Plugins */ = {
			isa = PBXGroup;
			children = (
				759326A05131437ABD0CEC50 /* Circle.m */,
				ABF8BB6FD4224DCD9B14CA0F /* External.m */,
				3123FAA07A9841FBBF8C1285 /* Geocoder.m */,
				5FFFDE0DA7AB4101BD1DE26E /* GoogleMaps.m */,
				C66A6E853AA04AF7ADD90A24 /* GoogleMapsViewController.m */,
				1D8FD58BB83F498681BB2132 /* GroundOverlay.m */,
				5079D1391FBC4CDC903CEFA2 /* KmlOverlay.m */,
				8FE9E6B1F06D4D85B0AA4C2A /* Map.m */,
				343F62EADF474E388D0379F3 /* Marker.m */,
				FBF63462BD264735824C9654 /* PluginUtil.m */,
				358B0B51A7CF4F09B5F852DD /* Polygon.m */,
				ED2C3412822A4B6CAF74A873 /* Polyline.m */,
				7E516D1DB9BE425C83DFB674 /* TBXML.m */,
				5FB815381FEC44B285155A5D /* TileOverlay.m */,
				D89C48949A9F49BFAFE8B577 /* NSData+Base64.m */,
				7E9B58404F0D4962B0218CB0 /* MyPluginLayer.m */,
				9DC6860317DB4DDC91E8E440 /* MyReachability.m */,
				AAAFD53FECDF401BB2124C22 /* MyPluginLayerDebugView.m */,
				AD62B7488BAC4BE4993F6D20 /* MyPluginScrollView.m */,
				83EF5B7341524F3BA681DDCC /* Circle.h */,
				D1E5B6A5B6CF4CBA814CCD12 /* External.h */,
				67EAA67B4F9E4240B1AC6EC8 /* Geocoder.h */,
				A2D8612480334F5BB53A6AB8 /* GoogleMaps.h */,
				C5DC5387FBC549ED9F6F27C1 /* GoogleMapsViewController.h */,
				FDAA594627CB4E2F94643D24 /* GroundOverlay.h */,
				1B00B575EFE54029B6959D73 /* KmlOverlay.h */,
				B004D7CCE7C0428CA38D5B7B /* Map.h */,
				F814A877DEC64DBF86E6068E /* Marker.h */,
				3C9A9E16A9984240B9937C96 /* MyPlgunProtocol.h */,
				81664B494EDF45C8B079C539 /* PluginUtil.h */,
				13B46D4AEA6A4573A86ED6BC /* Polygon.h */,
				1160BFE504A64D66AC447E92 /* Polyline.h */,
				8A8B77C3909D46C8BF5DF656 /* TBXML.h */,
				83D1CBC8DF9B47769A6A163E /* TileOverlay.h */,
				CD38775F45D84B84BAD64A72 /* NSData+Base64.h */,
				8D39D64FC7394956B9FA7C26 /* NSData+Base64.podspec */,
				34158876E2904754B561EF13 /* MyPluginLayer.h */,
				DF8CF278BABE40C985FB55DD /* MyReachability.h */,
				27E599E1CC244F7994976A1B /* MyPluginLayerDebugView.h */,
				753E366A58F34CAA8EA03E95 /* MyPluginScrollView.h */,
			);
			name = Plugins;
			path = "estaciona/Plugins";
			sourceTree = SOURCE_ROOT;
		};
		308D052D1370CCF300D202BF /* icons */ = {
			isa = PBXGroup;
			children = (
				30C1856519D5FC0A00212699 /* icon-60@3x.png */,
				7E7966D41810823500FA85AD /* icon-40.png */,
				7E7966D51810823500FA85AD /* icon-40@2x.png */,
				7E7966D61810823500FA85AD /* icon-50.png */,
				7E7966D71810823500FA85AD /* icon-50@2x.png */,
				7E7966D81810823500FA85AD /* icon-60.png */,
				7E7966D91810823500FA85AD /* icon-60@2x.png */,
				7E7966DA1810823500FA85AD /* icon-76.png */,
				7E7966DB1810823500FA85AD /* icon-76@2x.png */,
				7E7966DC1810823500FA85AD /* icon-small.png */,
				7E7966DD1810823500FA85AD /* icon-small@2x.png */,
				30FC414816E50CA1004E6F35 /* icon-72@2x.png */,
				308D052E1370CCF300D202BF /* icon-72.png */,
				308D052F1370CCF300D202BF /* icon.png */,
				308D05301370CCF300D202BF /* icon@2x.png */,
			);
			path = icons;
			sourceTree = "<group>";
		};
		308D05311370CCF300D202BF /* splash */ = {
			isa = PBXGroup;
			children = (
				30B4F2FD19D5E07200D9F7D8 /* Default-667h.png */,
				30B4F2FE19D5E07200D9F7D8 /* Default-736h.png */,
				30B4F2FF19D5E07200D9F7D8 /* Default-Landscape-736h.png */,
				D4A0D8751607E02300AEF8BB /* Default-568h@2x~iphone.png */,
				3088BBB7154F3926009F9C59 /* Default-Landscape@2x~ipad.png */,
				3088BBB8154F3926009F9C59 /* Default-Landscape~ipad.png */,
				3088BBB9154F3926009F9C59 /* Default-Portrait@2x~ipad.png */,
				3088BBBA154F3926009F9C59 /* Default-Portrait~ipad.png */,
				3088BBBB154F3926009F9C59 /* Default@2x~iphone.png */,
				3088BBBC154F3926009F9C59 /* Default~iphone.png */,
			);
			path = splash;
			sourceTree = "<group>";
		};
		EB87FDF11871DA420020F90C /* Staging */ = {
			isa = PBXGroup;
			children = (
				F840E1F0165FE0F500CFE078 /* config.xml */,
				301BF56E109A69640062928A /* www */,
			);
			name = Staging;
			sourceTree = "<group>";
		};
/* End PBXGroup section */

/* Begin PBXNativeTarget section */
		1D6058900D05DD3D006BFB54 /* estaciona */ = {
			isa = PBXNativeTarget;
			buildConfigurationList = 1D6058960D05DD3E006BFB54 /* Build configuration list for PBXNativeTarget "estaciona" */;
			buildPhases = (
				304B58A110DAC018002A0835 /* Copy www directory */,
				1D60588D0D05DD3D006BFB54 /* Resources */,
				1D60588E0D05DD3D006BFB54 /* Sources */,
				1D60588F0D05DD3D006BFB54 /* Frameworks */,
			);
			buildRules = (
			);
			dependencies = (
				301BF551109A68C00062928A /* PBXTargetDependency */,
			);
			name = "estaciona";
			productName = "estaciona";
			productReference = 1D6058910D05DD3D006BFB54 /* estaciona.app */;
			productType = "com.apple.product-type.application";
		};
/* End PBXNativeTarget section */

/* Begin PBXProject section */
		29B97313FDCFA39411CA2CEA /* Project object */ = {
			isa = PBXProject;
			attributes = {
				LastUpgradeCheck = 510;
			};
			buildConfigurationList = C01FCF4E08A954540054247B /* Build configuration list for PBXProject "__CLI__" */;
			compatibilityVersion = "Xcode 3.2";
			developmentRegion = English;
			hasScannedForEncodings = 1;
			knownRegions = (
				English,
				Japanese,
				French,
				German,
				en,
				es,
				de,
				se,
			);
			mainGroup = 29B97314FDCFA39411CA2CEA /* CustomTemplate */;
			projectDirPath = "";
			projectReferences = (
				{
					ProductGroup = 301BF52E109A57CC0062928A /* Products */;
					ProjectRef = 301BF52D109A57CC0062928A /* CordovaLib.xcodeproj */;
				},
			);
			projectRoot = "";
			targets = (
				1D6058900D05DD3D006BFB54 /* estaciona */,
			);
		};
/* End PBXProject section */

/* Begin PBXReferenceProxy section */
		301BF535109A57CC0062928A /* libCordova.a */ = {
			isa = PBXReferenceProxy;
			fileType = archive.ar;
			path = libCordova.a;
			remoteRef = 301BF534109A57CC0062928A /* PBXContainerItemProxy */;
			sourceTree = BUILT_PRODUCTS_DIR;
		};
/* End PBXReferenceProxy section */

/* Begin PBXResourcesBuildPhase section */
		1D60588D0D05DD3D006BFB54 /* Resources */ = {
			isa = PBXResourcesBuildPhase;
			buildActionMask = 2147483647;
			files = (
				7E7966E41810823500FA85AD /* icon-76.png in Resources */,
				7E7966DF1810823500FA85AD /* icon-40@2x.png in Resources */,
				308D05371370CCF300D202BF /* icon-72.png in Resources */,
				30B4F30119D5E07200D9F7D8 /* Default-736h.png in Resources */,
				308D05381370CCF300D202BF /* icon.png in Resources */,
				308D05391370CCF300D202BF /* icon@2x.png in Resources */,
				302D95F214D2391D003F00A1 /* MainViewController.xib in Resources */,
				7E7966E01810823500FA85AD /* icon-50.png in Resources */,
				7E7966E31810823500FA85AD /* icon-60@2x.png in Resources */,
				7E7966E61810823500FA85AD /* icon-small.png in Resources */,
				3088BBBD154F3926009F9C59 /* Default-Landscape@2x~ipad.png in Resources */,
				3088BBBE154F3926009F9C59 /* Default-Landscape~ipad.png in Resources */,
				3088BBBF154F3926009F9C59 /* Default-Portrait@2x~ipad.png in Resources */,
				7E7966E71810823500FA85AD /* icon-small@2x.png in Resources */,
				3088BBC0154F3926009F9C59 /* Default-Portrait~ipad.png in Resources */,
				30B4F30019D5E07200D9F7D8 /* Default-667h.png in Resources */,
				7E7966DE1810823500FA85AD /* icon-40.png in Resources */,
				3088BBC1154F3926009F9C59 /* Default@2x~iphone.png in Resources */,
				7E7966E21810823500FA85AD /* icon-60.png in Resources */,
				3088BBC2154F3926009F9C59 /* Default~iphone.png in Resources */,
				D4A0D8761607E02300AEF8BB /* Default-568h@2x~iphone.png in Resources */,
				30B4F30219D5E07200D9F7D8 /* Default-Landscape-736h.png in Resources */,
				30C1856619D5FC0A00212699 /* icon-60@3x.png in Resources */,
				7E7966E11810823500FA85AD /* icon-50@2x.png in Resources */,
				7E7966E51810823500FA85AD /* icon-76@2x.png in Resources */,
				30FC414916E50CA1004E6F35 /* icon-72@2x.png in Resources */,
				A7CEF49ABED6492894417F75 /* GoogleMaps.bundle in Resources */,
			);
			runOnlyForDeploymentPostprocessing = 0;
		};
/* End PBXResourcesBuildPhase section */

/* Begin PBXShellScriptBuildPhase section */
		304B58A110DAC018002A0835 /* Copy www directory */ = {
			isa = PBXShellScriptBuildPhase;
			buildActionMask = 2147483647;
			files = (
			);
			inputPaths = (
			);
			name = "Copy www directory";
			outputPaths = (
			);
			runOnlyForDeploymentPostprocessing = 0;
			shellPath = /bin/sh;
			shellScript = "NODEJS_PATH=/usr/local/bin; NVM_NODE_PATH=~/.nvm/versions/node/`nvm version 2>/dev/null`/bin; N_NODE_PATH=`find /usr/local/n/versions/node/* -maxdepth 0 -type d 2>/dev/null | tail -1`/bin; XCODE_NODE_PATH=`xcode-select --print-path`/usr/share/xcs/Node/bin; PATH=$NODEJS_PATH:$NVM_NODE_PATH:$N_NODE_PATH:$XCODE_NODE_PATH:$PATH && node cordova/lib/copy-www-build-step.js";
			showEnvVarsInLog = 0;
		};
/* End PBXShellScriptBuildPhase section */

/* Begin PBXSourcesBuildPhase section */
		1D60588E0D05DD3D006BFB54 /* Sources */ = {
			isa = PBXSourcesBuildPhase;
			buildActionMask = 2147483647;
			files = (
				1D60589B0D05DD56006BFB54 /* main.m in Sources */,
				1D3623260D0F684500981E51 /* AppDelegate.m in Sources */,
				302D95F114D2391D003F00A1 /* MainViewController.m in Sources */,
				E47E466F316447D18C956C05 /* Circle.m in Sources */,
				5E8A18CC551A48B185A961D2 /* External.m in Sources */,
				BE4F7A6E75C54B1287770B02 /* Geocoder.m in Sources */,
				CC49414CEB2B4E8E946E2F32 /* GoogleMaps.m in Sources */,
				0B660A95087F4357A464D7DB /* GoogleMapsViewController.m in Sources */,
				0FBAD9DFA9DB42E086D0E307 /* GroundOverlay.m in Sources */,
				C0EB16FCE6E0456E9A6B49AD /* KmlOverlay.m in Sources */,
				432EA10A42044373AB1720A1 /* Map.m in Sources */,
				01EA36F8EF25444C932F8FD7 /* Marker.m in Sources */,
				609FF326639A448B9BFDE6C5 /* PluginUtil.m in Sources */,
				401BAA7A18FD4EA3AEE73A9F /* Polygon.m in Sources */,
				FE697675B91A4325AF118431 /* Polyline.m in Sources */,
				85BA61A6BBAF43AA996C7D76 /* TBXML.m in Sources */,
				098B6D2CE58847D3945EAE6E /* TileOverlay.m in Sources */,
				AE12D145A4C041E1ADEBF224 /* NSData+Base64.m in Sources */,
				2317375E1C64449D9E116DCA /* MyPluginLayer.m in Sources */,
				34752B9B15244B08B2D5B09B /* MyReachability.m in Sources */,
				D187EBC72E4849F485A5B086 /* MyPluginLayerDebugView.m in Sources */,
				0AC7BDD6A3274C6997E5EFB3 /* MyPluginScrollView.m in Sources */,
			);
			runOnlyForDeploymentPostprocessing = 0;
		};
/* End PBXSourcesBuildPhase section */

/* Begin PBXTargetDependency section */
		301BF551109A68C00062928A /* PBXTargetDependency */ = {
			isa = PBXTargetDependency;
			name = CordovaLib;
			targetProxy = 301BF550109A68C00062928A /* PBXContainerItemProxy */;
		};
/* End PBXTargetDependency section */

/* Begin XCBuildConfiguration section */
		1D6058940D05DD3E006BFB54 /* Debug */ = {
			isa = XCBuildConfiguration;
			buildSettings = {
				ALWAYS_SEARCH_USER_PATHS = NO;
				CLANG_ENABLE_OBJC_ARC = YES;
				COPY_PHASE_STRIP = NO;
				GCC_DYNAMIC_NO_PIC = NO;
				GCC_OPTIMIZATION_LEVEL = 0;
				GCC_PRECOMPILE_PREFIX_HEADER = YES;
				GCC_PREFIX_HEADER = "estaciona/estaciona-Prefix.pch";
				GCC_THUMB_SUPPORT = NO;
				GCC_VERSION = "";
				INFOPLIST_FILE = "estaciona/estaciona-Info.plist";
				IPHONEOS_DEPLOYMENT_TARGET = 6.0;
				OTHER_LDFLAGS = (
					"-weak_framework",
					CoreFoundation,
					"-weak_framework",
					UIKit,
					"-weak_framework",
					AVFoundation,
					"-weak_framework",
					CoreMedia,
					"-weak-lSystem",
					"-ObjC",
				);
				PRODUCT_NAME = "estaciona";
				TARGETED_DEVICE_FAMILY = "1,2";
				FRAMEWORK_SEARCH_PATHS = (
					"$(inherited)",
					"\"estaciona/Plugins/com.googlemaps.ios\"",
					"\"estaciona/Plugins/com.googlemaps.ios\"",
				);
			};
			name = Debug;
		};
		1D6058950D05DD3E006BFB54 /* Release */ = {
			isa = XCBuildConfiguration;
			buildSettings = {
				ALWAYS_SEARCH_USER_PATHS = NO;
				CLANG_ENABLE_OBJC_ARC = YES;
				COPY_PHASE_STRIP = YES;
				GCC_PRECOMPILE_PREFIX_HEADER = YES;
				GCC_PREFIX_HEADER = "estaciona/estaciona-Prefix.pch";
				GCC_THUMB_SUPPORT = NO;
				GCC_VERSION = "";
				INFOPLIST_FILE = "estaciona/estaciona-Info.plist";
				IPHONEOS_DEPLOYMENT_TARGET = 6.0;
				OTHER_LDFLAGS = (
					"-weak_framework",
					CoreFoundation,
					"-weak_framework",
					UIKit,
					"-weak_framework",
					AVFoundation,
					"-weak_framework",
					CoreMedia,
					"-weak-lSystem",
					"-ObjC",
				);
				PRODUCT_NAME = "estaciona";
				TARGETED_DEVICE_FAMILY = "1,2";
				FRAMEWORK_SEARCH_PATHS = (
					"$(inherited)",
					"\"estaciona/Plugins/com.googlemaps.ios\"",
					"\"estaciona/Plugins/com.googlemaps.ios\"",
				);
			};
			name = Release;
		};
		C01FCF4F08A954540054247B /* Debug */ = {
			isa = XCBuildConfiguration;
			buildSettings = {
				CLANG_ENABLE_OBJC_ARC = YES;
				CLANG_WARN_BOOL_CONVERSION = YES;
				CLANG_WARN_CONSTANT_CONVERSION = YES;
				CLANG_WARN_EMPTY_BODY = YES;
				CLANG_WARN_ENUM_CONVERSION = YES;
				CLANG_WARN_INT_CONVERSION = YES;
				CLANG_WARN__DUPLICATE_METHOD_MATCH = YES;
				"CODE_SIGN_IDENTITY[sdk=iphoneos*]" = "iPhone Developer";
				GCC_C_LANGUAGE_STANDARD = c99;
				GCC_THUMB_SUPPORT = NO;
				GCC_VERSION = "";
				GCC_WARN_ABOUT_RETURN_TYPE = YES;
				GCC_WARN_UNDECLARED_SELECTOR = YES;
				GCC_WARN_UNINITIALIZED_AUTOS = YES;
				GCC_WARN_UNUSED_FUNCTION = YES;
				GCC_WARN_UNUSED_VARIABLE = YES;
				HEADER_SEARCH_PATHS = (
					"\"$(TARGET_BUILD_DIR)/usr/local/lib/include\"",
					"\"$(OBJROOT)/UninstalledProducts/include\"",
					"\"$(BUILT_PRODUCTS_DIR)\"",
				);
				IPHONEOS_DEPLOYMENT_TARGET = 6.0;
				ONLY_ACTIVE_ARCH = YES;
				OTHER_LDFLAGS = (
					"-weak_framework",
					CoreFoundation,
					"-weak_framework",
					UIKit,
					"-weak_framework",
					AVFoundation,
					"-weak_framework",
					CoreMedia,
					"-weak-lSystem",
					"-ObjC",
				);
				SDKROOT = iphoneos;
				SKIP_INSTALL = NO;
				USER_HEADER_SEARCH_PATHS = "";
			};
			name = Debug;
		};
		C01FCF5008A954540054247B /* Release */ = {
			isa = XCBuildConfiguration;
			buildSettings = {
				CLANG_ENABLE_OBJC_ARC = YES;
				CLANG_WARN_BOOL_CONVERSION = YES;
				CLANG_WARN_CONSTANT_CONVERSION = YES;
				CLANG_WARN_EMPTY_BODY = YES;
				CLANG_WARN_ENUM_CONVERSION = YES;
				CLANG_WARN_INT_CONVERSION = YES;
				CLANG_WARN__DUPLICATE_METHOD_MATCH = YES;
				"CODE_SIGN_IDENTITY[sdk=iphoneos*]" = "iPhone Developer";
				GCC_C_LANGUAGE_STANDARD = c99;
				GCC_THUMB_SUPPORT = NO;
				GCC_VERSION = "";
				GCC_WARN_ABOUT_RETURN_TYPE = YES;
				GCC_WARN_UNDECLARED_SELECTOR = YES;
				GCC_WARN_UNINITIALIZED_AUTOS = YES;
				GCC_WARN_UNUSED_FUNCTION = YES;
				GCC_WARN_UNUSED_VARIABLE = YES;
				HEADER_SEARCH_PATHS = (
					"\"$(TARGET_BUILD_DIR)/usr/local/lib/include\"",
					"\"$(OBJROOT)/UninstalledProducts/include\"",
					"\"$(BUILT_PRODUCTS_DIR)\"",
				);
				IPHONEOS_DEPLOYMENT_TARGET = 6.0;
				OTHER_LDFLAGS = (
					"-weak_framework",
					CoreFoundation,
					"-weak_framework",
					UIKit,
					"-weak_framework",
					AVFoundation,
					"-weak_framework",
					CoreMedia,
					"-weak-lSystem",
					"-ObjC",
				);
				SDKROOT = iphoneos;
				SKIP_INSTALL = NO;
				USER_HEADER_SEARCH_PATHS = "";
			};
			name = Release;
		};
/* End XCBuildConfiguration section */

/* Begin XCConfigurationList section */
		1D6058960D05DD3E006BFB54 /* Build configuration list for PBXNativeTarget "estaciona" */ = {
			isa = XCConfigurationList;
			buildConfigurations = (
				1D6058940D05DD3E006BFB54 /* Debug */,
				1D6058950D05DD3E006BFB54 /* Release */,
			);
			defaultConfigurationIsVisible = 0;
			defaultConfigurationName = Release;
		};
		C01FCF4E08A954540054247B /* Build configuration list for PBXProject "__CLI__" */ = {
			isa = XCConfigurationList;
			buildConfigurations = (
				C01FCF4F08A954540054247B /* Debug */,
				C01FCF5008A954540054247B /* Release */,
			);
			defaultConfigurationIsVisible = 0;
			defaultConfigurationName = Release;
		};
/* End XCConfigurationList section */
	};
	rootObject = 29B97313FDCFA39411CA2CEA /* Project object */;
}
